
Microsoft Visual Studio Solution File, Format Version 12.00
# Visual Studio 2012
Project("{FAE04EC0-301F-11D3-BF4B-00C04F79EFBC}") = "tdd-wit-example", "tdd-wit-example\tdd-wit-example.csproj", "{8BDB5DB9-269F-45A9-BE66-53F3C1E53030}"
EndProject
Global
	GlobalSection(SolutionConfigurationPlatforms) = preSolution
		Debug|Any CPU = Debug|Any CPU
		Release|Any CPU = Release|Any CPU
	EndGlobalSection
	GlobalSection(ProjectConfigurationPlatforms) = postSolution
		{8BDB5DB9-269F-45A9-BE66-53F3C1E53030}.Debug|Any CPU.ActiveCfg = Debug|Any CPU
		{8BDB5DB9-269F-45A9-BE66-53F3C1E53030}.Debug|Any CPU.Build.0 = Debug|Any CPU
		{8BDB5DB9-269F-45A9-BE66-53F3C1E53030}.Release|Any CPU.ActiveCfg = Release|Any CPU
		{8BDB5DB9-269F-45A9-BE66-53F3C1E53030}.Release|Any CPU.Build.0 = Release|Any CPU
	EndGlobalSection
EndGlobal
